// !$*UTF8*$!
{
	archiveVersion = 1;
	classes = {
	};
	objectVersion = 46;
	objects = {

/* Begin PBXBuildFile section */
		83C963F21A89F7FD008D5C6D /* AppDelegate.swift in Sources */ = {isa = PBXBuildFile; fileRef = 83C963F11A89F7FD008D5C6D /* AppDelegate.swift */; };
		83C963F41A89F7FD008D5C6D /* ViewController.swift in Sources */ = {isa = PBXBuildFile; fileRef = 83C963F31A89F7FD008D5C6D /* ViewController.swift */; };
		83C963F91A89F7FD008D5C6D /* Images.xcassets in Resources */ = {isa = PBXBuildFile; fileRef = 83C963F81A89F7FD008D5C6D /* Images.xcassets */; };
		83C964081A89F7FE008D5C6D /* Localisator_Demo_swiftTests.swift in Sources */ = {isa = PBXBuildFile; fileRef = 83C964071A89F7FE008D5C6D /* Localisator_Demo_swiftTests.swift */; };
		83C964161A89F8C9008D5C6D /* Localisator.swift in Sources */ = {isa = PBXBuildFile; fileRef = 83C964151A89F8C9008D5C6D /* Localisator.swift */; };
		83C9641B1A8A02F1008D5C6D /* Localizable.strings in Resources */ = {isa = PBXBuildFile; fileRef = 83C9641D1A8A02F1008D5C6D /* Localizable.strings */; };
		83C964271A8A03CC008D5C6D /* LaunchScreen.xib in Resources */ = {isa = PBXBuildFile; fileRef = 83C964251A8A03CC008D5C6D /* LaunchScreen.xib */; };
		83C964281A8A03CC008D5C6D /* Main.storyboard in Resources */ = {isa = PBXBuildFile; fileRef = 83C964261A8A03CC008D5C6D /* Main.storyboard */; };
		83C9642A1A8A056A008D5C6D /* LocalisatorViewController.swift in Sources */ = {isa = PBXBuildFile; fileRef = 83C964291A8A056A008D5C6D /* LocalisatorViewController.swift */; };
/* End PBXBuildFile section */

/* Begin PBXContainerItemProxy section */
		83C964021A89F7FE008D5C6D /* PBXContainerItemProxy */ = {
			isa = PBXContainerItemProxy;
			containerPortal = 83C963E41A89F7FD008D5C6D /* Project object */;
			proxyType = 1;
			remoteGlobalIDString = 83C963EB1A89F7FD008D5C6D;
			remoteInfo = "Localisator_Demo-swift";
		};
/* End PBXContainerItemProxy section */

/* Begin PBXFileReference section */
		83C963EC1A89F7FD008D5C6D /* Localisator_Demo-swift.app */ = {isa = PBXFileReference; explicitFileType = wrapper.application; includeInIndex = 0; path = "Localisator_Demo-swift.app"; sourceTree = BUILT_PRODUCTS_DIR; };
		83C963F01A89F7FD008D5C6D /* Info.plist */ = {isa = PBXFileReference; lastKnownFileType = text.plist.xml; path = Info.plist; sourceTree = "<group>"; };
		83C963F11A89F7FD008D5C6D /* AppDelegate.swift */ = {isa = PBXFileReference; lastKnownFileType = sourcecode.swift; path = AppDelegate.swift; sourceTree = "<group>"; };
		83C963F31A89F7FD008D5C6D /* ViewController.swift */ = {isa = PBXFileReference; lastKnownFileType = sourcecode.swift; path = ViewController.swift; sourceTree = "<group>"; };
		83C963F81A89F7FD008D5C6D /* Images.xcassets */ = {isa = PBXFileReference; lastKnownFileType = folder.assetcatalog; path = Images.xcassets; sourceTree = "<group>"; };
		83C964011A89F7FE008D5C6D /* Localisator_Demo-swiftTests.xctest */ = {isa = PBXFileReference; explicitFileType = wrapper.cfbundle; includeInIndex = 0; path = "Localisator_Demo-swiftTests.xctest"; sourceTree = BUILT_PRODUCTS_DIR; };
		83C964061A89F7FE008D5C6D /* Info.plist */ = {isa = PBXFileReference; lastKnownFileType = text.plist.xml; path = Info.plist; sourceTree = "<group>"; };
		83C964071A89F7FE008D5C6D /* Localisator_Demo_swiftTests.swift */ = {isa = PBXFileReference; lastKnownFileType = sourcecode.swift; path = Localisator_Demo_swiftTests.swift; sourceTree = "<group>"; };
		83C964151A89F8C9008D5C6D /* Localisator.swift */ = {isa = PBXFileReference; fileEncoding = 4; lastKnownFileType = sourcecode.swift; path = Localisator.swift; sourceTree = "<group>"; };
		83C9641C1A8A02F1008D5C6D /* en */ = {isa = PBXFileReference; lastKnownFileType = text.plist.strings; name = en; path = en.lproj/Localizable.strings; sourceTree = "<group>"; };
		83C9641E1A8A02F4008D5C6D /* fr */ = {isa = PBXFileReference; lastKnownFileType = text.plist.strings; name = fr; path = fr.lproj/Localizable.strings; sourceTree = "<group>"; };
		83C964251A8A03CC008D5C6D /* LaunchScreen.xib */ = {isa = PBXFileReference; fileEncoding = 4; lastKnownFileType = file.xib; path = LaunchScreen.xib; sourceTree = "<group>"; };
		83C964261A8A03CC008D5C6D /* Main.storyboard */ = {isa = PBXFileReference; fileEncoding = 4; lastKnownFileType = file.storyboard; path = Main.storyboard; sourceTree = "<group>"; };
		83C964291A8A056A008D5C6D /* LocalisatorViewController.swift */ = {isa = PBXFileReference; fileEncoding = 4; lastKnownFileType = sourcecode.swift; path = LocalisatorViewController.swift; sourceTree = "<group>"; };
/* End PBXFileReference section */

/* Begin PBXFrameworksBuildPhase section */
		83C963E91A89F7FD008D5C6D /* Frameworks */ = {
			isa = PBXFrameworksBuildPhase;
			buildActionMask = 2147483647;
			files = (
			);
			runOnlyForDeploymentPostprocessing = 0;
		};
		83C963FE1A89F7FD008D5C6D /* Frameworks */ = {
			isa = PBXFrameworksBuildPhase;
			buildActionMask = 2147483647;
			files = (
			);
			runOnlyForDeploymentPostprocessing = 0;
		};
/* End PBXFrameworksBuildPhase section */

/* Begin PBXGroup section */
		83C963E31A89F7FD008D5C6D = {
			isa = PBXGroup;
			children = (
				83C964111A89F8B0008D5C6D /* Localisator */,
				83C963EE1A89F7FD008D5C6D /* Localisator_Demo-swift */,
				83C964041A89F7FE008D5C6D /* Localisator_Demo-swiftTests */,
				83C963ED1A89F7FD008D5C6D /* Products */,
			);
			sourceTree = "<group>";
		};
		83C963ED1A89F7FD008D5C6D /* Products */ = {
			isa = PBXGroup;
			children = (
				83C963EC1A89F7FD008D5C6D /* Localisator_Demo-swift.app */,
				83C964011A89F7FE008D5C6D /* Localisator_Demo-swiftTests.xctest */,
			);
			name = Products;
			sourceTree = "<group>";
		};
		83C963EE1A89F7FD008D5C6D /* Localisator_Demo-swift */ = {
			isa = PBXGroup;
			children = (
				83C963F11A89F7FD008D5C6D /* AppDelegate.swift */,
				83C963F31A89F7FD008D5C6D /* ViewController.swift */,
				83C964291A8A056A008D5C6D /* LocalisatorViewController.swift */,
				83C964251A8A03CC008D5C6D /* LaunchScreen.xib */,
				83C964261A8A03CC008D5C6D /* Main.storyboard */,
				83C9641D1A8A02F1008D5C6D /* Localizable.strings */,
				83C963F81A89F7FD008D5C6D /* Images.xcassets */,
				83C963EF1A89F7FD008D5C6D /* Supporting Files */,
			);
			path = "Localisator_Demo-swift";
			sourceTree = "<group>";
		};
		83C963EF1A89F7FD008D5C6D /* Supporting Files */ = {
			isa = PBXGroup;
			children = (
				83C963F01A89F7FD008D5C6D /* Info.plist */,
			);
			name = "Supporting Files";
			sourceTree = "<group>";
		};
		83C964041A89F7FE008D5C6D /* Localisator_Demo-swiftTests */ = {
			isa = PBXGroup;
			children = (
				83C964071A89F7FE008D5C6D /* Localisator_Demo_swiftTests.swift */,
				83C964051A89F7FE008D5C6D /* Supporting Files */,
			);
			path = "Localisator_Demo-swiftTests";
			sourceTree = "<group>";
		};
		83C964051A89F7FE008D5C6D /* Supporting Files */ = {
			isa = PBXGroup;
			children = (
				83C964061A89F7FE008D5C6D /* Info.plist */,
			);
			name = "Supporting Files";
			sourceTree = "<group>";
		};
		83C964111A89F8B0008D5C6D /* Localisator */ = {
			isa = PBXGroup;
			children = (
				83C964151A89F8C9008D5C6D /* Localisator.swift */,
			);
			name = Localisator;
			path = ../Localisator;
			sourceTree = "<group>";
		};
/* End PBXGroup section */

/* Begin PBXNativeTarget section */
		83C963EB1A89F7FD008D5C6D /* Localisator_Demo-swift */ = {
			isa = PBXNativeTarget;
			buildConfigurationList = 83C9640B1A89F7FE008D5C6D /* Build configuration list for PBXNativeTarget "Localisator_Demo-swift" */;
			buildPhases = (
				83C963E81A89F7FD008D5C6D /* Sources */,
				83C963E91A89F7FD008D5C6D /* Frameworks */,
				83C963EA1A89F7FD008D5C6D /* Resources */,
			);
			buildRules = (
			);
			dependencies = (
			);
			name = "Localisator_Demo-swift";
			productName = "Localisator_Demo-swift";
			productReference = 83C963EC1A89F7FD008D5C6D /* Localisator_Demo-swift.app */;
			productType = "com.apple.product-type.application";
		};
		83C964001A89F7FD008D5C6D /* Localisator_Demo-swiftTests */ = {
			isa = PBXNativeTarget;
			buildConfigurationList = 83C9640E1A89F7FE008D5C6D /* Build configuration list for PBXNativeTarget "Localisator_Demo-swiftTests" */;
			buildPhases = (
				83C963FD1A89F7FD008D5C6D /* Sources */,
				83C963FE1A89F7FD008D5C6D /* Frameworks */,
				83C963FF1A89F7FD008D5C6D /* Resources */,
			);
			buildRules = (
			);
			dependencies = (
				83C964031A89F7FE008D5C6D /* PBXTargetDependency */,
			);
			name = "Localisator_Demo-swiftTests";
			productName = "Localisator_Demo-swiftTests";
			productReference = 83C964011A89F7FE008D5C6D /* Localisator_Demo-swiftTests.xctest */;
			productType = "com.apple.product-type.bundle.unit-test";
		};
/* End PBXNativeTarget section */

/* Begin PBXProject section */
		83C963E41A89F7FD008D5C6D /* Project object */ = {
			isa = PBXProject;
			attributes = {
				LastSwiftMigration = 0700;
				LastSwiftUpdateCheck = 0700;
				LastUpgradeCheck = 0700;
				ORGANIZATIONNAME = "Michaël Azevedo";
				TargetAttributes = {
					83C963EB1A89F7FD008D5C6D = {
						CreatedOnToolsVersion = 6.1;
					};
					83C964001A89F7FD008D5C6D = {
						CreatedOnToolsVersion = 6.1;
						TestTargetID = 83C963EB1A89F7FD008D5C6D;
					};
				};
			};
			buildConfigurationList = 83C963E71A89F7FD008D5C6D /* Build configuration list for PBXProject "Localisator_Demo-swift" */;
			compatibilityVersion = "Xcode 3.2";
			developmentRegion = English;
			hasScannedForEncodings = 0;
			knownRegions = (
				en,
				Base,
				fr,
			);
			mainGroup = 83C963E31A89F7FD008D5C6D;
			productRefGroup = 83C963ED1A89F7FD008D5C6D /* Products */;
			projectDirPath = "";
			projectRoot = "";
			targets = (
				83C963EB1A89F7FD008D5C6D /* Localisator_Demo-swift */,
				83C964001A89F7FD008D5C6D /* Localisator_Demo-swiftTests */,
			);
		};
/* End PBXProject section */

/* Begin PBXResourcesBuildPhase section */
		83C963EA1A89F7FD008D5C6D /* Resources */ = {
			isa = PBXResourcesBuildPhase;
			buildActionMask = 2147483647;
			files = (
				83C964271A8A03CC008D5C6D /* LaunchScreen.xib in Resources */,
				83C9641B1A8A02F1008D5C6D /* Localizable.strings in Resources */,
				83C964281A8A03CC008D5C6D /* Main.storyboard in Resources */,
				83C963F91A89F7FD008D5C6D /* Images.xcassets in Resources */,
			);
			runOnlyForDeploymentPostprocessing = 0;
		};
		83C963FF1A89F7FD008D5C6D /* Resources */ = {
			isa = PBXResourcesBuildPhase;
			buildActionMask = 2147483647;
			files = (
			);
			runOnlyForDeploymentPostprocessing = 0;
		};
/* End PBXResourcesBuildPhase section */

/* Begin PBXSourcesBuildPhase section */
		83C963E81A89F7FD008D5C6D /* Sources */ = {
			isa = PBXSourcesBuildPhase;
			buildActionMask = 2147483647;
			files = (
				83C964161A89F8C9008D5C6D /* Localisator.swift in Sources */,
				83C963F41A89F7FD008D5C6D /* ViewController.swift in Sources */,
				83C9642A1A8A056A008D5C6D /* LocalisatorViewController.swift in Sources */,
				83C963F21A89F7FD008D5C6D /* AppDelegate.swift in Sources */,
			);
			runOnlyForDeploymentPostprocessing = 0;
		};
		83C963FD1A89F7FD008D5C6D /* Sources */ = {
			isa = PBXSourcesBuildPhase;
			buildActionMask = 2147483647;
			files = (
				83C964081A89F7FE008D5C6D /* Localisator_Demo_swiftTests.swift in Sources */,
			);
			runOnlyForDeploymentPostprocessing = 0;
		};
/* End PBXSourcesBuildPhase section */

/* Begin PBXTargetDependency section */
		83C964031A89F7FE008D5C6D /* PBXTargetDependency */ = {
			isa = PBXTargetDependency;
			target = 83C963EB1A89F7FD008D5C6D /* Localisator_Demo-swift */;
			targetProxy = 83C964021A89F7FE008D5C6D /* PBXContainerItemProxy */;
		};
/* End PBXTargetDependency section */

/* Begin PBXVariantGroup section */
		83C9641D1A8A02F1008D5C6D /* Localizable.strings */ = {
			isa = PBXVariantGroup;
			children = (
				83C9641C1A8A02F1008D5C6D /* en */,
				83C9641E1A8A02F4008D5C6D /* fr */,
			);
			name = Localizable.strings;
			sourceTree = "<group>";
		};
/* End PBXVariantGroup section */

/* Begin XCBuildConfiguration section */
		83C964091A89F7FE008D5C6D /* Debug */ = {
			isa = XCBuildConfiguration;
			buildSettings = {
				ALWAYS_SEARCH_USER_PATHS = NO;
				CLANG_CXX_LANGUAGE_STANDARD = "gnu++0x";
				CLANG_CXX_LIBRARY = "libc++";
				CLANG_ENABLE_MODULES = YES;
				CLANG_ENABLE_OBJC_ARC = YES;
				CLANG_WARN_BOOL_CONVERSION = YES;
				CLANG_WARN_CONSTANT_CONVERSION = YES;
				CLANG_WARN_DIRECT_OBJC_ISA_USAGE = YES_ERROR;
				CLANG_WARN_EMPTY_BODY = YES;
				CLANG_WARN_ENUM_CONVERSION = YES;
				CLANG_WARN_INT_CONVERSION = YES;
				CLANG_WARN_OBJC_ROOT_CLASS = YES_ERROR;
				CLANG_WARN_UNREACHABLE_CODE = YES;
				CLANG_WARN__DUPLICATE_METHOD_MATCH = YES;
				"CODE_SIGN_IDENTITY[sdk=iphoneos*]" = "iPhone Developer";
				COPY_PHASE_STRIP = NO;
				ENABLE_STRICT_OBJC_MSGSEND = YES;
				ENABLE_TESTABILITY = YES;
				GCC_C_LANGUAGE_STANDARD = gnu99;
				GCC_DYNAMIC_NO_PIC = NO;
				GCC_OPTIMIZATION_LEVEL = 0;
				GCC_PREPROCESSOR_DEFINITIONS = (
					"DEBUG=1",
					"$(inherited)",
				);
				GCC_SYMBOLS_PRIVATE_EXTERN = NO;
				GCC_WARN_64_TO_32_BIT_CONVERSION = YES;
				GCC_WARN_ABOUT_RETURN_TYPE = YES_ERROR;
				GCC_WARN_UNDECLARED_SELECTOR = YES;
				GCC_WARN_UNINITIALIZED_AUTOS = YES_AGGRESSIVE;
				GCC_WARN_UNUSED_FUNCTION = YES;
				GCC_WARN_UNUSED_VARIABLE = YES;
				IPHONEOS_DEPLOYMENT_TARGET = 8.1;
				MTL_ENABLE_DEBUG_INFO = YES;
				ONLY_ACTIVE_ARCH = YES;
				SDKROOT = iphoneos;
				SWIFT_OPTIMIZATION_LEVEL = "-Onone";
			};
			name = Debug;
		};
		83C9640A1A89F7FE008D5C6D /* Release */ = {
			isa = XCBuildConfiguration;
			buildSettings = {
				ALWAYS_SEARCH_USER_PATHS = NO;
				CLANG_CXX_LANGUAGE_STANDARD = "gnu++0x";
				CLANG_CXX_LIBRARY = "libc++";
				CLANG_ENABLE_MODULES = YES;
				CLANG_ENABLE_OBJC_ARC = YES;
				CLANG_WARN_BOOL_CONVERSION = YES;
				CLANG_WARN_CONSTANT_CONVERSION = YES;
				CLANG_WARN_DIRECT_OBJC_ISA_USAGE = YES_ERROR;
				CLANG_WARN_EMPTY_BODY = YES;
				CLANG_WARN_ENUM_CONVERSION = YES;
				CLANG_WARN_INT_CONVERSION = YES;
				CLANG_WARN_OBJC_ROOT_CLASS = YES_ERROR;
				CLANG_WARN_UNREACHABLE_CODE = YES;
				CLANG_WARN__DUPLICATE_METHOD_MATCH = YES;
				"CODE_SIGN_IDENTITY[sdk=iphoneos*]" = "iPhone Developer";
				COPY_PHASE_STRIP = YES;
				ENABLE_NS_ASSERTIONS = NO;
				ENABLE_STRICT_OBJC_MSGSEND = YES;
				GCC_C_LANGUAGE_STANDARD = gnu99;
				GCC_WARN_64_TO_32_BIT_CONVERSION = YES;
				GCC_WARN_ABOUT_RETURN_TYPE = YES_ERROR;
				GCC_WARN_UNDECLARED_SELECTOR = YES;
				GCC_WARN_UNINITIALIZED_AUTOS = YES_AGGRESSIVE;
				GCC_WARN_UNUSED_FUNCTION = YES;
				GCC_WARN_UNUSED_VARIABLE = YES;
				IPHONEOS_DEPLOYMENT_TARGET = 8.1;
				MTL_ENABLE_DEBUG_INFO = NO;
				SDKROOT = iphoneos;
				VALIDATE_PRODUCT = YES;
			};
			name = Release;
		};
		83C9640C1A89F7FE008D5C6D /* Debug */ = {
			isa = XCBuildConfiguration;
			buildSettings = {
				ASSETCATALOG_COMPILER_APPICON_NAME = AppIcon;
				INFOPLIST_FILE = "Localisator_Demo-swift/Info.plist";
				LD_RUNPATH_SEARCH_PATHS = "$(inherited) @executable_path/Frameworks";
				PRODUCT_BUNDLE_IDENTIFIER = "micazeve.$(PRODUCT_NAME:rfc1034identifier)";
				PRODUCT_NAME = "$(TARGET_NAME)";
			};
			name = Debug;
		};
		83C9640D1A89F7FE008D5C6D /* Release */ = {
			isa = XCBuildConfiguration;
			buildSettings = {
				ASSETCATALOG_COMPILER_APPICON_NAME = AppIcon;
				INFOPLIST_FILE = "Localisator_Demo-swift/Info.plist";
				LD_RUNPATH_SEARCH_PATHS = "$(inherited) @executable_path/Frameworks";
				PRODUCT_BUNDLE_IDENTIFIER = "micazeve.$(PRODUCT_NAME:rfc1034identifier)";
				PRODUCT_NAME = "$(TARGET_NAME)";
			};
			name = Release;
		};
		83C9640F1A89F7FE008D5C6D /* Debug */ = {
			isa = XCBuildConfiguration;
			buildSettings = {
				BUNDLE_LOADER = "$(TEST_HOST)";
				FRAMEWORK_SEARCH_PATHS = "$(inherited)";
				GCC_PREPROCESSOR_DEFINITIONS = (
					"DEBUG=1",
					"$(inherited)",
				);
				INFOPLIST_FILE = "Localisator_Demo-swiftTests/Info.plist";
				LD_RUNPATH_SEARCH_PATHS = "$(inherited) @executable_path/Frameworks @loader_path/Frameworks";
				PRODUCT_BUNDLE_IDENTIFIER = "micazeve.$(PRODUCT_NAME:rfc1034identifier)";
				PRODUCT_NAME = "$(TARGET_NAME)";
				TEST_HOST = "$(BUILT_PRODUCTS_DIR)/Localisator_Demo-swift.app/Localisator_Demo-swift";
			};
			name = Debug;
		};
		83C964101A89F7FE008D5C6D /* Release */ = {
			isa = XCBuildConfiguration;
			buildSettings = {
				BUNDLE_LOADER = "$(TEST_HOST)";
				FRAMEWORK_SEARCH_PATHS = "$(inherited)";
				INFOPLIST_FILE = "Localisator_Demo-swiftTests/Info.plist";
				LD_RUNPATH_SEARCH_PATHS = "$(inherited) @executable_path/Frameworks @loader_path/Frameworks";
				PRODUCT_BUNDLE_IDENTIFIER = "micazeve.$(PRODUCT_NAME:rfc1034identifier)";
				PRODUCT_NAME = "$(TARGET_NAME)";
				TEST_HOST = "$(BUILT_PRODUCTS_DIR)/Localisator_Demo-swift.app/Localisator_Demo-swift";
			};
			name = Release;
		};
/* End XCBuildConfiguration section */

/* Begin XCConfigurationList section */
		83C963E71A89F7FD008D5C6D /* Build configuration list for PBXProject "Localisator_Demo-swift" */ = {
			isa = XCConfigurationList;
			buildConfigurations = (
				83C964091A89F7FE008D5C6D /* Debug */,
				83C9640A1A89F7FE008D5C6D /* Release */,
			);
			defaultConfigurationIsVisible = 0;
			defaultConfigurationName = Release;
		};
		83C9640B1A89F7FE008D5C6D /* Build configuration list for PBXNativeTarget "Localisator_Demo-swift" */ = {
			isa = XCConfigurationList;
			buildConfigurations = (
				83C9640C1A89F7FE008D5C6D /* Debug */,
				83C9640D1A89F7FE008D5C6D /* Release */,
			);
			defaultConfigurationIsVisible = 0;
			defaultConfigurationName = Release;
		};
		83C9640E1A89F7FE008D5C6D /* Build configuration list for PBXNativeTarget "Localisator_Demo-swiftTests" */ = {
			isa = XCConfigurationList;
			buildConfigurations = (
				83C9640F1A89F7FE008D5C6D /* Debug */,
				83C964101A89F7FE008D5C6D /* Release */,
			);
			defaultConfigurationIsVisible = 0;
			defaultConfigurationName = Release;
		};
/* End XCConfigurationList section */
	};
	rootObject = 83C963E41A89F7FD008D5C6D /* Project object */;
}
